
Microsoft Visual Studio Solution File, Format Version 12.00
# Visual Studio 15
VisualStudioVersion = 15.0.28307.779
MinimumVisualStudioVersion = 10.0.40219.1
Project("{FAE04EC0-301F-11D3-BF4B-00C04F79EFBC}") = "Get Comment", "Get Comment\Get Comment.csproj", "{BB8BE853-F05B-45A0-B6E0-1565E1D2FE34}"
EndProject
Global
	GlobalSection(SolutionConfigurationPlatforms) = preSolution
		Debug|Any CPU = Debug|Any CPU
		Release|Any CPU = Release|Any CPU
	EndGlobalSection
	GlobalSection(ProjectConfigurationPlatforms) = postSolution
		{BB8BE853-F05B-45A0-B6E0-1565E1D2FE34}.Debug|Any CPU.ActiveCfg = Debug|Any CPU
		{BB8BE853-F05B-45A0-B6E0-1565E1D2FE34}.Debug|Any CPU.Build.0 = Debug|Any CPU
		{BB8BE853-F05B-45A0-B6E0-1565E1D2FE34}.Release|Any CPU.ActiveCfg = Release|Any CPU
		{BB8BE853-F05B-45A0-B6E0-1565E1D2FE34}.Release|Any CPU.Build.0 = Release|Any CPU
	EndGlobalSection
	GlobalSection(SolutionProperties) = preSolution
		HideSolutionNode = FALSE
	EndGlobalSection
	GlobalSection(ExtensibilityGlobals) = postSolution
		SolutionGuid = {47B99DCA-D480-43D5-95F1-89A76F47C1AF}
	EndGlobalSection
EndGlobal
